
Microsoft Visual Studio Solution File, Format Version 12.00
# Visual Studio Version 17
VisualStudioVersion = 17.5.002.0
MinimumVisualStudioVersion = 10.0.40219.1
Project("{9A19103F-16F7-4668-BE54-9A1E7A4F7556}") = "InvincibleBot-CSharp", "InvincibleBot-CSharp.csproj", "{45EB488D-1225-4188-8FA5-42767F0F279B}"
EndProject
Global
	GlobalSection(SolutionConfigurationPlatforms) = preSolution
		Debug|Any CPU = Debug|Any CPU
		Release|Any CPU = Release|Any CPU
	EndGlobalSection
	GlobalSection(ProjectConfigurationPlatforms) = postSolution
		{45EB488D-1225-4188-8FA5-42767F0F279B}.Debug|Any CPU.ActiveCfg = Debug|Any CPU
		{45EB488D-1225-4188-8FA5-42767F0F279B}.Debug|Any CPU.Build.0 = Debug|Any CPU
		{45EB488D-1225-4188-8FA5-42767F0F279B}.Release|Any CPU.ActiveCfg = Release|Any CPU
		{45EB488D-1225-4188-8FA5-42767F0F279B}.Release|Any CPU.Build.0 = Release|Any CPU
	EndGlobalSection
	GlobalSection(SolutionProperties) = preSolution
		HideSolutionNode = FALSE
	EndGlobalSection
	GlobalSection(ExtensibilityGlobals) = postSolution
		SolutionGuid = {CFB4BD9C-DA4C-4FBA-9C0E-3C18E198EA2D}
	EndGlobalSection
EndGlobal
